
Microsoft Visual Studio Solution File, Format Version 12.00
# Visual Studio Version 16
VisualStudioVersion = 16.0.30011.22
MinimumVisualStudioVersion = 10.0.40219.1
Project("{FAE04EC0-301F-11D3-BF4B-00C04F79EFBC}") = "School", "School\School.csproj", "{079BEC49-A1C9-42A8-8E49-B749A1F4B1F5}"
EndProject
Project("{FAE04EC0-301F-11D3-BF4B-00C04F79EFBC}") = "SchoolTests", "SchoolTests\SchoolTests.csproj", "{7376B05B-5D98-48A0-B051-914979549BB2}"
EndProject
Global
	GlobalSection(SolutionConfigurationPlatforms) = preSolution
		Debug|Any CPU = Debug|Any CPU
		Release|Any CPU = Release|Any CPU
	EndGlobalSection
	GlobalSection(ProjectConfigurationPlatforms) = postSolution
		{079BEC49-A1C9-42A8-8E49-B749A1F4B1F5}.Debug|Any CPU.ActiveCfg = Debug|Any CPU
		{079BEC49-A1C9-42A8-8E49-B749A1F4B1F5}.Debug|Any CPU.Build.0 = Debug|Any CPU
		{079BEC49-A1C9-42A8-8E49-B749A1F4B1F5}.Release|Any CPU.ActiveCfg = Release|Any CPU
		{079BEC49-A1C9-42A8-8E49-B749A1F4B1F5}.Release|Any CPU.Build.0 = Release|Any CPU
		{7376B05B-5D98-48A0-B051-914979549BB2}.Debug|Any CPU.ActiveCfg = Debug|Any CPU
		{7376B05B-5D98-48A0-B051-914979549BB2}.Debug|Any CPU.Build.0 = Debug|Any CPU
		{7376B05B-5D98-48A0-B051-914979549BB2}.Release|Any CPU.ActiveCfg = Release|Any CPU
		{7376B05B-5D98-48A0-B051-914979549BB2}.Release|Any CPU.Build.0 = Release|Any CPU
	EndGlobalSection
	GlobalSection(SolutionProperties) = preSolution
		HideSolutionNode = FALSE
	EndGlobalSection
	GlobalSection(ExtensibilityGlobals) = postSolution
		SolutionGuid = {C5D2428B-CB4F-46A0-BB91-F485DE2BE8A6}
	EndGlobalSection
EndGlobal
